
Microsoft Visual Studio Solution File, Format Version 12.00
# Visual Studio Version 16
VisualStudioVersion = 16.0.31402.337
MinimumVisualStudioVersion = 10.0.40219.1
Project("{9A19103F-16F7-4668-BE54-9A1E7A4F7556}") = "BlazorWAMapp1", "BlazorWAMapp1.csproj", "{DAF19547-2A8B-43F3-A669-1464DE07A4C3}"
EndProject
Global
	GlobalSection(SolutionConfigurationPlatforms) = preSolution
		Debug|Any CPU = Debug|Any CPU
		Release|Any CPU = Release|Any CPU
	EndGlobalSection
	GlobalSection(ProjectConfigurationPlatforms) = postSolution
		{DAF19547-2A8B-43F3-A669-1464DE07A4C3}.Debug|Any CPU.ActiveCfg = Debug|Any CPU
		{DAF19547-2A8B-43F3-A669-1464DE07A4C3}.Debug|Any CPU.Build.0 = Debug|Any CPU
		{DAF19547-2A8B-43F3-A669-1464DE07A4C3}.Release|Any CPU.ActiveCfg = Release|Any CPU
		{DAF19547-2A8B-43F3-A669-1464DE07A4C3}.Release|Any CPU.Build.0 = Release|Any CPU
	EndGlobalSection
	GlobalSection(SolutionProperties) = preSolution
		HideSolutionNode = FALSE
	EndGlobalSection
	GlobalSection(ExtensibilityGlobals) = postSolution
		SolutionGuid = {198F3A50-2E9B-4CDB-A46C-9602617E0CBF}
	EndGlobalSection
EndGlobal
